// !$*UTF8*$!
{
	archiveVersion = 1;
	classes = {
	};
	objectVersion = 48;
	objects = {

/* Begin PBXBuildFile section */
		D6245337214F79C500E73033 /* AppDelegate.swift in Sources */ = {isa = PBXBuildFile; fileRef = D6245336214F79C500E73033 /* AppDelegate.swift */; };
		D6245339214F79C500E73033 /* ViewController.swift in Sources */ = {isa = PBXBuildFile; fileRef = D6245338214F79C500E73033 /* ViewController.swift */; };
		D624533C214F79C500E73033 /* Main.storyboard in Resources */ = {isa = PBXBuildFile; fileRef = D624533A214F79C500E73033 /* Main.storyboard */; };
		D624533E214F79C500E73033 /* Assets.xcassets in Resources */ = {isa = PBXBuildFile; fileRef = D624533D214F79C500E73033 /* Assets.xcassets */; };
		D6245341214F79C500E73033 /* LaunchScreen.storyboard in Resources */ = {isa = PBXBuildFile; fileRef = D624533F214F79C500E73033 /* LaunchScreen.storyboard */; };
		D624534C214F79C600E73033 /* SlideshowAppTests.swift in Sources */ = {isa = PBXBuildFile; fileRef = D624534B214F79C600E73033 /* SlideshowAppTests.swift */; };
		D6245357214F79C600E73033 /* SlideshowAppUITests.swift in Sources */ = {isa = PBXBuildFile; fileRef = D6245356214F79C600E73033 /* SlideshowAppUITests.swift */; };
/* End PBXBuildFile section */

/* Begin PBXContainerItemProxy section */
		D6245348214F79C600E73033 /* PBXContainerItemProxy */ = {
			isa = PBXContainerItemProxy;
			containerPortal = D624532B214F79C500E73033 /* Project object */;
			proxyType = 1;
			remoteGlobalIDString = D6245332214F79C500E73033;
			remoteInfo = SlideshowApp;
		};
		D6245353214F79C600E73033 /* PBXContainerItemProxy */ = {
			isa = PBXContainerItemProxy;
			containerPortal = D624532B214F79C500E73033 /* Project object */;
			proxyType = 1;
			remoteGlobalIDString = D6245332214F79C500E73033;
			remoteInfo = SlideshowApp;
		};
/* End PBXContainerItemProxy section */

/* Begin PBXFileReference section */
		D6245333214F79C500E73033 /* SlideshowApp.app */ = {isa = PBXFileReference; explicitFileType = wrapper.application; includeInIndex = 0; path = SlideshowApp.app; sourceTree = BUILT_PRODUCTS_DIR; };
		D6245336214F79C500E73033 /* AppDelegate.swift */ = {isa = PBXFileReference; lastKnownFileType = sourcecode.swift; path = AppDelegate.swift; sourceTree = "<group>"; };
		D6245338214F79C500E73033 /* ViewController.swift */ = {isa = PBXFileReference; lastKnownFileType = sourcecode.swift; path = ViewController.swift; sourceTree = "<group>"; };
		D624533B214F79C500E73033 /* Base */ = {isa = PBXFileReference; lastKnownFileType = file.storyboard; name = Base; path = Base.lproj/Main.storyboard; sourceTree = "<group>"; };
		D624533D214F79C500E73033 /* Assets.xcassets */ = {isa = PBXFileReference; lastKnownFileType = folder.assetcatalog; path = Assets.xcassets; sourceTree = "<group>"; };
		D6245340214F79C500E73033 /* Base */ = {isa = PBXFileReference; lastKnownFileType = file.storyboard; name = Base; path = Base.lproj/LaunchScreen.storyboard; sourceTree = "<group>"; };
		D6245342214F79C500E73033 /* Info.plist */ = {isa = PBXFileReference; lastKnownFileType = text.plist.xml; path = Info.plist; sourceTree = "<group>"; };
		D6245347214F79C600E73033 /* SlideshowAppTests.xctest */ = {isa = PBXFileReference; explicitFileType = wrapper.cfbundle; includeInIndex = 0; path = SlideshowAppTests.xctest; sourceTree = BUILT_PRODUCTS_DIR; };
		D624534B214F79C600E73033 /* SlideshowAppTests.swift */ = {isa = PBXFileReference; lastKnownFileType = sourcecode.swift; path = SlideshowAppTests.swift; sourceTree = "<group>"; };
		D624534D214F79C600E73033 /* Info.plist */ = {isa = PBXFileReference; lastKnownFileType = text.plist.xml; path = Info.plist; sourceTree = "<group>"; };
		D6245352214F79C600E73033 /* SlideshowAppUITests.xctest */ = {isa = PBXFileReference; explicitFileType = wrapper.cfbundle; includeInIndex = 0; path = SlideshowAppUITests.xctest; sourceTree = BUILT_PRODUCTS_DIR; };
		D6245356214F79C600E73033 /* SlideshowAppUITests.swift */ = {isa = PBXFileReference; lastKnownFileType = sourcecode.swift; path = SlideshowAppUITests.swift; sourceTree = "<group>"; };
		D6245358214F79C600E73033 /* Info.plist */ = {isa = PBXFileReference; lastKnownFileType = text.plist.xml; path = Info.plist; sourceTree = "<group>"; };
/* End PBXFileReference section */

/* Begin PBXFrameworksBuildPhase section */
		D6245330214F79C500E73033 /* Frameworks */ = {
			isa = PBXFrameworksBuildPhase;
			buildActionMask = 2147483647;
			files = (
			);
			runOnlyForDeploymentPostprocessing = 0;
		};
		D6245344214F79C600E73033 /* Frameworks */ = {
			isa = PBXFrameworksBuildPhase;
			buildActionMask = 2147483647;
			files = (
			);
			runOnlyForDeploymentPostprocessing = 0;
		};
		D624534F214F79C600E73033 /* Frameworks */ = {
			isa = PBXFrameworksBuildPhase;
			buildActionMask = 2147483647;
			files = (
			);
			runOnlyForDeploymentPostprocessing = 0;
		};
/* End PBXFrameworksBuildPhase section */

/* Begin PBXGroup section */
		D624532A214F79C500E73033 = {
			isa = PBXGroup;
			children = (
				D6245335214F79C500E73033 /* SlideshowApp */,
				D624534A214F79C600E73033 /* SlideshowAppTests */,
				D6245355214F79C600E73033 /* SlideshowAppUITests */,
				D6245334214F79C500E73033 /* Products */,
			);
			sourceTree = "<group>";
		};
		D6245334214F79C500E73033 /* Products */ = {
			isa = PBXGroup;
			children = (
				D6245333214F79C500E73033 /* SlideshowApp.app */,
				D6245347214F79C600E73033 /* SlideshowAppTests.xctest */,
				D6245352214F79C600E73033 /* SlideshowAppUITests.xctest */,
			);
			name = Products;
			sourceTree = "<group>";
		};
		D6245335214F79C500E73033 /* SlideshowApp */ = {
			isa = PBXGroup;
			children = (
				D6245336214F79C500E73033 /* AppDelegate.swift */,
				D6245338214F79C500E73033 /* ViewController.swift */,
				D624533A214F79C500E73033 /* Main.storyboard */,
				D624533D214F79C500E73033 /* Assets.xcassets */,
				D624533F214F79C500E73033 /* LaunchScreen.storyboard */,
				D6245342214F79C500E73033 /* Info.plist */,
			);
			path = SlideshowApp;
			sourceTree = "<group>";
		};
		D624534A214F79C600E73033 /* SlideshowAppTests */ = {
			isa = PBXGroup;
			children = (
				D624534B214F79C600E73033 /* SlideshowAppTests.swift */,
				D624534D214F79C600E73033 /* Info.plist */,
			);
			path = SlideshowAppTests;
			sourceTree = "<group>";
		};
		D6245355214F79C600E73033 /* SlideshowAppUITests */ = {
			isa = PBXGroup;
			children = (
				D6245356214F79C600E73033 /* SlideshowAppUITests.swift */,
				D6245358214F79C600E73033 /* Info.plist */,
			);
			path = SlideshowAppUITests;
			sourceTree = "<group>";
		};
/* End PBXGroup section */

/* Begin PBXNativeTarget section */
		D6245332214F79C500E73033 /* SlideshowApp */ = {
			isa = PBXNativeTarget;
			buildConfigurationList = D624535B214F79C600E73033 /* Build configuration list for PBXNativeTarget "SlideshowApp" */;
			buildPhases = (
				D624532F214F79C500E73033 /* Sources */,
				D6245330214F79C500E73033 /* Frameworks */,
				D6245331214F79C500E73033 /* Resources */,
			);
			buildRules = (
			);
			dependencies = (
			);
			name = SlideshowApp;
			productName = SlideshowApp;
			productReference = D6245333214F79C500E73033 /* SlideshowApp.app */;
			productType = "com.apple.product-type.application";
		};
		D6245346214F79C600E73033 /* SlideshowAppTests */ = {
			isa = PBXNativeTarget;
			buildConfigurationList = D624535E214F79C600E73033 /* Build configuration list for PBXNativeTarget "SlideshowAppTests" */;
			buildPhases = (
				D6245343214F79C600E73033 /* Sources */,
				D6245344214F79C600E73033 /* Frameworks */,
				D6245345214F79C600E73033 /* Resources */,
			);
			buildRules = (
			);
			dependencies = (
				D6245349214F79C600E73033 /* PBXTargetDependency */,
			);
			name = SlideshowAppTests;
			productName = SlideshowAppTests;
			productReference = D6245347214F79C600E73033 /* SlideshowAppTests.xctest */;
			productType = "com.apple.product-type.bundle.unit-test";
		};
		D6245351214F79C600E73033 /* SlideshowAppUITests */ = {
			isa = PBXNativeTarget;
			buildConfigurationList = D6245361214F79C600E73033 /* Build configuration list for PBXNativeTarget "SlideshowAppUITests" */;
			buildPhases = (
				D624534E214F79C600E73033 /* Sources */,
				D624534F214F79C600E73033 /* Frameworks */,
				D6245350214F79C600E73033 /* Resources */,
			);
			buildRules = (
			);
			dependencies = (
				D6245354214F79C600E73033 /* PBXTargetDependency */,
			);
			name = SlideshowAppUITests;
			productName = SlideshowAppUITests;
			productReference = D6245352214F79C600E73033 /* SlideshowAppUITests.xctest */;
			productType = "com.apple.product-type.bundle.ui-testing";
		};
/* End PBXNativeTarget section */

/* Begin PBXProject section */
		D624532B214F79C500E73033 /* Project object */ = {
			isa = PBXProject;
			attributes = {
				LastSwiftUpdateCheck = 0920;
				LastUpgradeCheck = 0920;
				ORGANIZATIONNAME = shota.kohsaka;
				TargetAttributes = {
					D6245332214F79C500E73033 = {
						CreatedOnToolsVersion = 9.2;
						ProvisioningStyle = Automatic;
					};
					D6245346214F79C600E73033 = {
						CreatedOnToolsVersion = 9.2;
						ProvisioningStyle = Automatic;
						TestTargetID = D6245332214F79C500E73033;
					};
					D6245351214F79C600E73033 = {
						CreatedOnToolsVersion = 9.2;
						ProvisioningStyle = Automatic;
						TestTargetID = D6245332214F79C500E73033;
					};
				};
			};
			buildConfigurationList = D624532E214F79C500E73033 /* Build configuration list for PBXProject "SlideshowApp" */;
			compatibilityVersion = "Xcode 8.0";
			developmentRegion = en;
			hasScannedForEncodings = 0;
			knownRegions = (
				en,
				Base,
			);
			mainGroup = D624532A214F79C500E73033;
			productRefGroup = D6245334214F79C500E73033 /* Products */;
			projectDirPath = "";
			projectRoot = "";
			targets = (
				D6245332214F79C500E73033 /* SlideshowApp */,
				D6245346214F79C600E73033 /* SlideshowAppTests */,
				D6245351214F79C600E73033 /* SlideshowAppUITests */,
			);
		};
/* End PBXProject section */

/* Begin PBXResourcesBuildPhase section */
		D6245331214F79C500E73033 /* Resources */ = {
			isa = PBXResourcesBuildPhase;
			buildActionMask = 2147483647;
			files = (
				D6245341214F79C500E73033 /* LaunchScreen.storyboard in Resources */,
				D624533E214F79C500E73033 /* Assets.xcassets in Resources */,
				D624533C214F79C500E73033 /* Main.storyboard in Resources */,
			);
			runOnlyForDeploymentPostprocessing = 0;
		};
		D6245345214F79C600E73033 /* Resources */ = {
			isa = PBXResourcesBuildPhase;
			buildActionMask = 2147483647;
			files = (
			);
			runOnlyForDeploymentPostprocessing = 0;
		};
		D6245350214F79C600E73033 /* Resources */ = {
			isa = PBXResourcesBuildPhase;
			buildActionMask = 2147483647;
			files = (
			);
			runOnlyForDeploymentPostprocessing = 0;
		};
/* End PBXResourcesBuildPhase section */

/* Begin PBXSourcesBuildPhase section */
		D624532F214F79C500E73033 /* Sources */ = {
			isa = PBXSourcesBuildPhase;
			buildActionMask = 2147483647;
			files = (
				D6245339214F79C500E73033 /* ViewController.swift in Sources */,
				D6245337214F79C500E73033 /* AppDelegate.swift in Sources */,
			);
			runOnlyForDeploymentPostprocessing = 0;
		};
		D6245343214F79C600E73033 /* Sources */ = {
			isa = PBXSourcesBuildPhase;
			buildActionMask = 2147483647;
			files = (
				D624534C214F79C600E73033 /* SlideshowAppTests.swift in Sources */,
			);
			runOnlyForDeploymentPostprocessing = 0;
		};
		D624534E214F79C600E73033 /* Sources */ = {
			isa = PBXSourcesBuildPhase;
			buildActionMask = 2147483647;
			files = (
				D6245357214F79C600E73033 /* SlideshowAppUITests.swift in Sources */,
			);
			runOnlyForDeploymentPostprocessing = 0;
		};
/* End PBXSourcesBuildPhase section */

/* Begin PBXTargetDependency section */
		D6245349214F79C600E73033 /* PBXTargetDependency */ = {
			isa = PBXTargetDependency;
			target = D6245332214F79C500E73033 /* SlideshowApp */;
			targetProxy = D6245348214F79C600E73033 /* PBXContainerItemProxy */;
		};
		D6245354214F79C600E73033 /* PBXTargetDependency */ = {
			isa = PBXTargetDependency;
			target = D6245332214F79C500E73033 /* SlideshowApp */;
			targetProxy = D6245353214F79C600E73033 /* PBXContainerItemProxy */;
		};
/* End PBXTargetDependency section */

/* Begin PBXVariantGroup section */
		D624533A214F79C500E73033 /* Main.storyboard */ = {
			isa = PBXVariantGroup;
			children = (
				D624533B214F79C500E73033 /* Base */,
			);
			name = Main.storyboard;
			sourceTree = "<group>";
		};
		D624533F214F79C500E73033 /* LaunchScreen.storyboard */ = {
			isa = PBXVariantGroup;
			children = (
				D6245340214F79C500E73033 /* Base */,
			);
			name = LaunchScreen.storyboard;
			sourceTree = "<group>";
		};
/* End PBXVariantGroup section */

/* Begin XCBuildConfiguration section */
		D6245359214F79C600E73033 /* Debug */ = {
			isa = XCBuildConfiguration;
			buildSettings = {
				ALWAYS_SEARCH_USER_PATHS = NO;
				CLANG_ANALYZER_NONNULL = YES;
				CLANG_ANALYZER_NUMBER_OBJECT_CONVERSION = YES_AGGRESSIVE;
				CLANG_CXX_LANGUAGE_STANDARD = "gnu++14";
				CLANG_CXX_LIBRARY = "libc++";
				CLANG_ENABLE_MODULES = YES;
				CLANG_ENABLE_OBJC_ARC = YES;
				CLANG_WARN_BLOCK_CAPTURE_AUTORELEASING = YES;
				CLANG_WARN_BOOL_CONVERSION = YES;
				CLANG_WARN_COMMA = YES;
				CLANG_WARN_CONSTANT_CONVERSION = YES;
				CLANG_WARN_DIRECT_OBJC_ISA_USAGE = YES_ERROR;
				CLANG_WARN_DOCUMENTATION_COMMENTS = YES;
				CLANG_WARN_EMPTY_BODY = YES;
				CLANG_WARN_ENUM_CONVERSION = YES;
				CLANG_WARN_INFINITE_RECURSION = YES;
				CLANG_WARN_INT_CONVERSION = YES;
				CLANG_WARN_NON_LITERAL_NULL_CONVERSION = YES;
				CLANG_WARN_OBJC_LITERAL_CONVERSION = YES;
				CLANG_WARN_OBJC_ROOT_CLASS = YES_ERROR;
				CLANG_WARN_RANGE_LOOP_ANALYSIS = YES;
				CLANG_WARN_STRICT_PROTOTYPES = YES;
				CLANG_WARN_SUSPICIOUS_MOVE = YES;
				CLANG_WARN_UNGUARDED_AVAILABILITY = YES_AGGRESSIVE;
				CLANG_WARN_UNREACHABLE_CODE = YES;
				CLANG_WARN__DUPLICATE_METHOD_MATCH = YES;
				CODE_SIGN_IDENTITY = "iPhone Developer";
				COPY_PHASE_STRIP = NO;
				DEBUG_INFORMATION_FORMAT = dwarf;
				ENABLE_STRICT_OBJC_MSGSEND = YES;
				ENABLE_TESTABILITY = YES;
				GCC_C_LANGUAGE_STANDARD = gnu11;
				GCC_DYNAMIC_NO_PIC = NO;
				GCC_NO_COMMON_BLOCKS = YES;
				GCC_OPTIMIZATION_LEVEL = 0;
				GCC_PREPROCESSOR_DEFINITIONS = (
					"DEBUG=1",
					"$(inherited)",
				);
				GCC_WARN_64_TO_32_BIT_CONVERSION = YES;
				GCC_WARN_ABOUT_RETURN_TYPE = YES_ERROR;
				GCC_WARN_UNDECLARED_SELECTOR = YES;
				GCC_WARN_UNINITIALIZED_AUTOS = YES_AGGRESSIVE;
				GCC_WARN_UNUSED_FUNCTION = YES;
				GCC_WARN_UNUSED_VARIABLE = YES;
				IPHONEOS_DEPLOYMENT_TARGET = 11.2;
				MTL_ENABLE_DEBUG_INFO = YES;
				ONLY_ACTIVE_ARCH = YES;
				SDKROOT = iphoneos;
				SWIFT_ACTIVE_COMPILATION_CONDITIONS = DEBUG;
				SWIFT_OPTIMIZATION_LEVEL = "-Onone";
			};
			name = Debug;
		};
		D624535A214F79C600E73033 /* Release */ = {
			isa = XCBuildConfiguration;
			buildSettings = {
				ALWAYS_SEARCH_USER_PATHS = NO;
				CLANG_ANALYZER_NONNULL = YES;
				CLANG_ANALYZER_NUMBER_OBJECT_CONVERSION = YES_AGGRESSIVE;
				CLANG_CXX_LANGUAGE_STANDARD = "gnu++14";
				CLANG_CXX_LIBRARY = "libc++";
				CLANG_ENABLE_MODULES = YES;
				CLANG_ENABLE_OBJC_ARC = YES;
				CLANG_WARN_BLOCK_CAPTURE_AUTORELEASING = YES;
				CLANG_WARN_BOOL_CONVERSION = YES;
				CLANG_WARN_COMMA = YES;
				CLANG_WARN_CONSTANT_CONVERSION = YES;
				CLANG_WARN_DIRECT_OBJC_ISA_USAGE = YES_ERROR;
				CLANG_WARN_DOCUMENTATION_COMMENTS = YES;
				CLANG_WARN_EMPTY_BODY = YES;
				CLANG_WARN_ENUM_CONVERSION = YES;
				CLANG_WARN_INFINITE_RECURSION = YES;
				CLANG_WARN_INT_CONVERSION = YES;
				CLANG_WARN_NON_LITERAL_NULL_CONVERSION = YES;
				CLANG_WARN_OBJC_LITERAL_CONVERSION = YES;
				CLANG_WARN_OBJC_ROOT_CLASS = YES_ERROR;
				CLANG_WARN_RANGE_LOOP_ANALYSIS = YES;
				CLANG_WARN_STRICT_PROTOTYPES = YES;
				CLANG_WARN_SUSPICIOUS_MOVE = YES;
				CLANG_WARN_UNGUARDED_AVAILABILITY = YES_AGGRESSIVE;
				CLANG_WARN_UNREACHABLE_CODE = YES;
				CLANG_WARN__DUPLICATE_METHOD_MATCH = YES;
				CODE_SIGN_IDENTITY = "iPhone Developer";
				COPY_PHASE_STRIP = NO;
				DEBUG_INFORMATION_FORMAT = "dwarf-with-dsym";
				ENABLE_NS_ASSERTIONS = NO;
				ENABLE_STRICT_OBJC_MSGSEND = YES;
				GCC_C_LANGUAGE_STANDARD = gnu11;
				GCC_NO_COMMON_BLOCKS = YES;
				GCC_WARN_64_TO_32_BIT_CONVERSION = YES;
				GCC_WARN_ABOUT_RETURN_TYPE = YES_ERROR;
				GCC_WARN_UNDECLARED_SELECTOR = YES;
				GCC_WARN_UNINITIALIZED_AUTOS = YES_AGGRESSIVE;
				GCC_WARN_UNUSED_FUNCTION = YES;
				GCC_WARN_UNUSED_VARIABLE = YES;
				IPHONEOS_DEPLOYMENT_TARGET = 11.2;
				MTL_ENABLE_DEBUG_INFO = NO;
				SDKROOT = iphoneos;
				SWIFT_OPTIMIZATION_LEVEL = "-Owholemodule";
				VALIDATE_PRODUCT = YES;
			};
			name = Release;
		};
		D624535C214F79C600E73033 /* Debug */ = {
			isa = XCBuildConfiguration;
			buildSettings = {
				ASSETCATALOG_COMPILER_APPICON_NAME = AppIcon;
				CODE_SIGN_STYLE = Automatic;
				INFOPLIST_FILE = SlideshowApp/Info.plist;
				LD_RUNPATH_SEARCH_PATHS = "$(inherited) @executable_path/Frameworks";
				PRODUCT_BUNDLE_IDENTIFIER = jp.techacademy.shota.kohsaka.SlideshowApp;
				PRODUCT_NAME = "$(TARGET_NAME)";
				SWIFT_VERSION = 4.0;
				TARGETED_DEVICE_FAMILY = "1,2";
			};
			name = Debug;
		};
		D624535D214F79C600E73033 /* Release */ = {
			isa = XCBuildConfiguration;
			buildSettings = {
				ASSETCATALOG_COMPILER_APPICON_NAME = AppIcon;
				CODE_SIGN_STYLE = Automatic;
				INFOPLIST_FILE = SlideshowApp/Info.plist;
				LD_RUNPATH_SEARCH_PATHS = "$(inherited) @executable_path/Frameworks";
				PRODUCT_BUNDLE_IDENTIFIER = jp.techacademy.shota.kohsaka.SlideshowApp;
				PRODUCT_NAME = "$(TARGET_NAME)";
				SWIFT_VERSION = 4.0;
				TARGETED_DEVICE_FAMILY = "1,2";
			};
			name = Release;
		};
		D624535F214F79C600E73033 /* Debug */ = {
			isa = XCBuildConfiguration;
			buildSettings = {
				ALWAYS_EMBED_SWIFT_STANDARD_LIBRARIES = YES;
				BUNDLE_LOADER = "$(TEST_HOST)";
				CODE_SIGN_STYLE = Automatic;
				INFOPLIST_FILE = SlideshowAppTests/Info.plist;
				LD_RUNPATH_SEARCH_PATHS = "$(inherited) @executable_path/Frameworks @loader_path/Frameworks";
				PRODUCT_BUNDLE_IDENTIFIER = jp.techacademy.shota.kohsaka.SlideshowAppTests;
				PRODUCT_NAME = "$(TARGET_NAME)";
				SWIFT_VERSION = 4.0;
				TARGETED_DEVICE_FAMILY = "1,2";
				TEST_HOST = "$(BUILT_PRODUCTS_DIR)/SlideshowApp.app/SlideshowApp";
			};
			name = Debug;
		};
		D6245360214F79C600E73033 /* Release */ = {
			isa = XCBuildConfiguration;
			buildSettings = {
				ALWAYS_EMBED_SWIFT_STANDARD_LIBRARIES = YES;
				BUNDLE_LOADER = "$(TEST_HOST)";
				CODE_SIGN_STYLE = Automatic;
				INFOPLIST_FILE = SlideshowAppTests/Info.plist;
				LD_RUNPATH_SEARCH_PATHS = "$(inherited) @executable_path/Frameworks @loader_path/Frameworks";
				PRODUCT_BUNDLE_IDENTIFIER = jp.techacademy.shota.kohsaka.SlideshowAppTests;
				PRODUCT_NAME = "$(TARGET_NAME)";
				SWIFT_VERSION = 4.0;
				TARGETED_DEVICE_FAMILY = "1,2";
				TEST_HOST = "$(BUILT_PRODUCTS_DIR)/SlideshowApp.app/SlideshowApp";
			};
			name = Release;
		};
		D6245362214F79C600E73033 /* Debug */ = {
			isa = XCBuildConfiguration;
			buildSettings = {
				ALWAYS_EMBED_SWIFT_STANDARD_LIBRARIES = YES;
				CODE_SIGN_STYLE = Automatic;
				INFOPLIST_FILE = SlideshowAppUITests/Info.plist;
				LD_RUNPATH_SEARCH_PATHS = "$(inherited) @executable_path/Frameworks @loader_path/Frameworks";
				PRODUCT_BUNDLE_IDENTIFIER = jp.techacademy.shota.kohsaka.SlideshowAppUITests;
				PRODUCT_NAME = "$(TARGET_NAME)";
				SWIFT_VERSION = 4.0;
				TARGETED_DEVICE_FAMILY = "1,2";
				TEST_TARGET_NAME = SlideshowApp;
			};
			name = Debug;
		};
		D6245363214F79C600E73033 /* Release */ = {
			isa = XCBuildConfiguration;
			buildSettings = {
				ALWAYS_EMBED_SWIFT_STANDARD_LIBRARIES = YES;
				CODE_SIGN_STYLE = Automatic;
				INFOPLIST_FILE = SlideshowAppUITests/Info.plist;
				LD_RUNPATH_SEARCH_PATHS = "$(inherited) @executable_path/Frameworks @loader_path/Frameworks";
				PRODUCT_BUNDLE_IDENTIFIER = jp.techacademy.shota.kohsaka.SlideshowAppUITests;
				PRODUCT_NAME = "$(TARGET_NAME)";
				SWIFT_VERSION = 4.0;
				TARGETED_DEVICE_FAMILY = "1,2";
				TEST_TARGET_NAME = SlideshowApp;
			};
			name = Release;
		};
/* End XCBuildConfiguration section */

/* Begin XCConfigurationList section */
		D624532E214F79C500E73033 /* Build configuration list for PBXProject "SlideshowApp" */ = {
			isa = XCConfigurationList;
			buildConfigurations = (
				D6245359214F79C600E73033 /* Debug */,
				D624535A214F79C600E73033 /* Release */,
			);
			defaultConfigurationIsVisible = 0;
			defaultConfigurationName = Release;
		};
		D624535B214F79C600E73033 /* Build configuration list for PBXNativeTarget "SlideshowApp" */ = {
			isa = XCConfigurationList;
			buildConfigurations = (
				D624535C214F79C600E73033 /* Debug */,
				D624535D214F79C600E73033 /* Release */,
			);
			defaultConfigurationIsVisible = 0;
			defaultConfigurationName = Release;
		};
		D624535E214F79C600E73033 /* Build configuration list for PBXNativeTarget "SlideshowAppTests" */ = {
			isa = XCConfigurationList;
			buildConfigurations = (
				D624535F214F79C600E73033 /* Debug */,
				D6245360214F79C600E73033 /* Release */,
			);
			defaultConfigurationIsVisible = 0;
			defaultConfigurationName = Release;
		};
		D6245361214F79C600E73033 /* Build configuration list for PBXNativeTarget "SlideshowAppUITests" */ = {
			isa = XCConfigurationList;
			buildConfigurations = (
				D6245362214F79C600E73033 /* Debug */,
				D6245363214F79C600E73033 /* Release */,
			);
			defaultConfigurationIsVisible = 0;
			defaultConfigurationName = Release;
		};
/* End XCConfigurationList section */
	};
	rootObject = D624532B214F79C500E73033 /* Project object */;
}
